
Microsoft Visual Studio Solution File, Format Version 12.00
# Visual Studio Version 17
VisualStudioVersion = 17.1.32210.238
MinimumVisualStudioVersion = 10.0.40219.1
Project("{FAE04EC0-301F-11D3-BF4B-00C04F79EFBC}") = "Homework", "Homework\Homework.csproj", "{C7D5AA06-A676-47E5-95F0-B3A43B0A7D46}"
EndProject
Project("{FAE04EC0-301F-11D3-BF4B-00C04F79EFBC}") = "05042022", "05042022\05042022.csproj", "{0DCD56B3-C258-4CA9-9E91-5DC0A093EA00}"
EndProject
Global
	GlobalSection(SolutionConfigurationPlatforms) = preSolution
		Debug|Any CPU = Debug|Any CPU
		Release|Any CPU = Release|Any CPU
	EndGlobalSection
	GlobalSection(ProjectConfigurationPlatforms) = postSolution
		{C7D5AA06-A676-47E5-95F0-B3A43B0A7D46}.Debug|Any CPU.ActiveCfg = Debug|Any CPU
		{C7D5AA06-A676-47E5-95F0-B3A43B0A7D46}.Debug|Any CPU.Build.0 = Debug|Any CPU
		{C7D5AA06-A676-47E5-95F0-B3A43B0A7D46}.Release|Any CPU.ActiveCfg = Release|Any CPU
		{C7D5AA06-A676-47E5-95F0-B3A43B0A7D46}.Release|Any CPU.Build.0 = Release|Any CPU
		{0DCD56B3-C258-4CA9-9E91-5DC0A093EA00}.Debug|Any CPU.ActiveCfg = Debug|Any CPU
		{0DCD56B3-C258-4CA9-9E91-5DC0A093EA00}.Debug|Any CPU.Build.0 = Debug|Any CPU
		{0DCD56B3-C258-4CA9-9E91-5DC0A093EA00}.Release|Any CPU.ActiveCfg = Release|Any CPU
		{0DCD56B3-C258-4CA9-9E91-5DC0A093EA00}.Release|Any CPU.Build.0 = Release|Any CPU
	EndGlobalSection
	GlobalSection(SolutionProperties) = preSolution
		HideSolutionNode = FALSE
	EndGlobalSection
	GlobalSection(ExtensibilityGlobals) = postSolution
		SolutionGuid = {950D78FF-D30E-47CF-8118-31196164BCE7}
	EndGlobalSection
EndGlobal
